
Microsoft Visual Studio Solution File, Format Version 12.00
# Visual Studio Version 17
VisualStudioVersion = 17.2.32616.157
MinimumVisualStudioVersion = 10.0.40219.1
Project("{FAE04EC0-301F-11D3-BF4B-00C04F79EFBC}") = "DateTimeZone", "DateTimeZone\DateTimeZone.csproj", "{427598B8-EE59-4FBA-8DE3-3EEAF69FD6EB}"
EndProject
Global
	GlobalSection(SolutionConfigurationPlatforms) = preSolution
		Debug|Any CPU = Debug|Any CPU
		Release|Any CPU = Release|Any CPU
	EndGlobalSection
	GlobalSection(ProjectConfigurationPlatforms) = postSolution
		{427598B8-EE59-4FBA-8DE3-3EEAF69FD6EB}.Debug|Any CPU.ActiveCfg = Debug|Any CPU
		{427598B8-EE59-4FBA-8DE3-3EEAF69FD6EB}.Debug|Any CPU.Build.0 = Debug|Any CPU
		{427598B8-EE59-4FBA-8DE3-3EEAF69FD6EB}.Release|Any CPU.ActiveCfg = Release|Any CPU
		{427598B8-EE59-4FBA-8DE3-3EEAF69FD6EB}.Release|Any CPU.Build.0 = Release|Any CPU
	EndGlobalSection
	GlobalSection(SolutionProperties) = preSolution
		HideSolutionNode = FALSE
	EndGlobalSection
	GlobalSection(ExtensibilityGlobals) = postSolution
		SolutionGuid = {01D07297-EA54-43B5-A0A2-EA4D4BF8EAF7}
	EndGlobalSection
EndGlobal
